
Microsoft Visual Studio Solution File, Format Version 12.00
# Visual Studio 15
VisualStudioVersion = 15.0.26730.12
MinimumVisualStudioVersion = 10.0.40219.1
Project("{FAE04EC0-301F-11D3-BF4B-00C04F79EFBC}") = "InnovationWebAPICore", "InnovationWebAPICore\InnovationWebAPICore.csproj", "{493D73FE-D117-4D11-8AAE-73DAA49EC3BF}"
EndProject
Project("{FAE04EC0-301F-11D3-BF4B-00C04F79EFBC}") = "InnovationApp.DAL", "InnovationApp.DAL\InnovationApp.DAL.csproj", "{40F32621-7FE0-4426-A474-0DB2717D7636}"
EndProject
Project("{FAE04EC0-301F-11D3-BF4B-00C04F79EFBC}") = "InnovationApp.Model", "InnovationApp.Model\InnovationApp.Model.csproj", "{3E4F1A38-22DF-4CF4-A0F3-F691FA57527C}"
EndProject
Global
	GlobalSection(SolutionConfigurationPlatforms) = preSolution
		Debug|Any CPU = Debug|Any CPU
		Release|Any CPU = Release|Any CPU
	EndGlobalSection
	GlobalSection(ProjectConfigurationPlatforms) = postSolution
		{493D73FE-D117-4D11-8AAE-73DAA49EC3BF}.Debug|Any CPU.ActiveCfg = Debug|Any CPU
		{493D73FE-D117-4D11-8AAE-73DAA49EC3BF}.Debug|Any CPU.Build.0 = Debug|Any CPU
		{493D73FE-D117-4D11-8AAE-73DAA49EC3BF}.Release|Any CPU.ActiveCfg = Release|Any CPU
		{493D73FE-D117-4D11-8AAE-73DAA49EC3BF}.Release|Any CPU.Build.0 = Release|Any CPU
		{40F32621-7FE0-4426-A474-0DB2717D7636}.Debug|Any CPU.ActiveCfg = Debug|Any CPU
		{40F32621-7FE0-4426-A474-0DB2717D7636}.Debug|Any CPU.Build.0 = Debug|Any CPU
		{40F32621-7FE0-4426-A474-0DB2717D7636}.Release|Any CPU.ActiveCfg = Release|Any CPU
		{40F32621-7FE0-4426-A474-0DB2717D7636}.Release|Any CPU.Build.0 = Release|Any CPU
		{3E4F1A38-22DF-4CF4-A0F3-F691FA57527C}.Debug|Any CPU.ActiveCfg = Debug|Any CPU
		{3E4F1A38-22DF-4CF4-A0F3-F691FA57527C}.Debug|Any CPU.Build.0 = Debug|Any CPU
		{3E4F1A38-22DF-4CF4-A0F3-F691FA57527C}.Release|Any CPU.ActiveCfg = Release|Any CPU
		{3E4F1A38-22DF-4CF4-A0F3-F691FA57527C}.Release|Any CPU.Build.0 = Release|Any CPU
	EndGlobalSection
	GlobalSection(SolutionProperties) = preSolution
		HideSolutionNode = FALSE
	EndGlobalSection
	GlobalSection(ExtensibilityGlobals) = postSolution
		SolutionGuid = {0A8C6C45-4310-45A9-940A-B1338484A351}
	EndGlobalSection
EndGlobal
